
Microsoft Visual Studio Solution File, Format Version 12.00
# Visual Studio 14
VisualStudioVersion = 14.0.23107.0
MinimumVisualStudioVersion = 10.0.40219.1
Project("{FAE04EC0-301F-11D3-BF4B-00C04F79EFBC}") = "WindowsForms.BarCode", "WindowsForms.BarCode\WindowsForms.BarCode.csproj", "{55E0898F-9E04-4A94-80A5-83215EDE9B12}"
EndProject
Project("{FAE04EC0-301F-11D3-BF4B-00C04F79EFBC}") = "WebApp.QR", "WebApp.QR\WebApp.QR.csproj", "{DA2688AB-9B04-4EAE-B5CD-A7901415C6E9}"
EndProject
Global
	GlobalSection(SolutionConfigurationPlatforms) = preSolution
		Debug|Any CPU = Debug|Any CPU
		Release|Any CPU = Release|Any CPU
	EndGlobalSection
	GlobalSection(ProjectConfigurationPlatforms) = postSolution
		{55E0898F-9E04-4A94-80A5-83215EDE9B12}.Debug|Any CPU.ActiveCfg = Debug|Any CPU
		{55E0898F-9E04-4A94-80A5-83215EDE9B12}.Debug|Any CPU.Build.0 = Debug|Any CPU
		{55E0898F-9E04-4A94-80A5-83215EDE9B12}.Release|Any CPU.ActiveCfg = Release|Any CPU
		{55E0898F-9E04-4A94-80A5-83215EDE9B12}.Release|Any CPU.Build.0 = Release|Any CPU
		{DA2688AB-9B04-4EAE-B5CD-A7901415C6E9}.Debug|Any CPU.ActiveCfg = Debug|Any CPU
		{DA2688AB-9B04-4EAE-B5CD-A7901415C6E9}.Debug|Any CPU.Build.0 = Debug|Any CPU
		{DA2688AB-9B04-4EAE-B5CD-A7901415C6E9}.Release|Any CPU.ActiveCfg = Release|Any CPU
		{DA2688AB-9B04-4EAE-B5CD-A7901415C6E9}.Release|Any CPU.Build.0 = Release|Any CPU
	EndGlobalSection
	GlobalSection(SolutionProperties) = preSolution
		HideSolutionNode = FALSE
	EndGlobalSection
EndGlobal
